
Microsoft Visual Studio Solution File, Format Version 12.00
# Visual Studio Version 17
VisualStudioVersion = 17.13.35828.75 d17.13
MinimumVisualStudioVersion = 10.0.40219.1
Project("{FAE04EC0-301F-11D3-BF4B-00C04F79EFBC}") = "SmartHome", "SmartHome.csproj", "{8C4C9767-160D-4DF8-81DF-22AA1B25E4A7}"
EndProject
Global
	GlobalSection(SolutionConfigurationPlatforms) = preSolution
		Debug|Any CPU = Debug|Any CPU
		Release|Any CPU = Release|Any CPU
	EndGlobalSection
	GlobalSection(ProjectConfigurationPlatforms) = postSolution
		{8C4C9767-160D-4DF8-81DF-22AA1B25E4A7}.Debug|Any CPU.ActiveCfg = Debug|Any CPU
		{8C4C9767-160D-4DF8-81DF-22AA1B25E4A7}.Debug|Any CPU.Build.0 = Debug|Any CPU
		{8C4C9767-160D-4DF8-81DF-22AA1B25E4A7}.Release|Any CPU.ActiveCfg = Release|Any CPU
		{8C4C9767-160D-4DF8-81DF-22AA1B25E4A7}.Release|Any CPU.Build.0 = Release|Any CPU
	EndGlobalSection
	GlobalSection(SolutionProperties) = preSolution
		HideSolutionNode = FALSE
	EndGlobalSection
	GlobalSection(ExtensibilityGlobals) = postSolution
		SolutionGuid = {612DDDA9-59DE-40A0-8832-5BF9909576EA}
	EndGlobalSection
EndGlobal
